
Microsoft Visual Studio Solution File, Format Version 12.00
Project("{FAE04EC0-301F-11D3-BF4B-00C04F79EFBC}") = "yugiho-tools", "yugiho-tools\yugiho-tools.csproj", "{D6A43767-BA6E-4C8C-ACD4-00B9A58C430A}"
EndProject
Global
	GlobalSection(SolutionConfigurationPlatforms) = preSolution
		Debug|Any CPU = Debug|Any CPU
		Release|Any CPU = Release|Any CPU
	EndGlobalSection
	GlobalSection(ProjectConfigurationPlatforms) = postSolution
		{D6A43767-BA6E-4C8C-ACD4-00B9A58C430A}.Debug|Any CPU.ActiveCfg = Debug|Any CPU
		{D6A43767-BA6E-4C8C-ACD4-00B9A58C430A}.Debug|Any CPU.Build.0 = Debug|Any CPU
		{D6A43767-BA6E-4C8C-ACD4-00B9A58C430A}.Release|Any CPU.ActiveCfg = Release|Any CPU
		{D6A43767-BA6E-4C8C-ACD4-00B9A58C430A}.Release|Any CPU.Build.0 = Release|Any CPU
	EndGlobalSection
EndGlobal
